// !$*UTF8*$!
{
	archiveVersion = 1;
	classes = {
	};
	objectVersion = 56;
	objects = {

/* Begin PBXBuildFile section */
		6C5B372D29E43FF70082528A /* Localizable.strings in Resources */ = {isa = PBXBuildFile; fileRef = 6C5B372F29E43FF70082528A /* Localizable.strings */; };
		6C5B373429E441750082528A /* TabScreen.swift in Sources */ = {isa = PBXBuildFile; fileRef = 6C5B373329E441750082528A /* TabScreen.swift */; };
		6C5B373629E441BD0082528A /* ListScreen.swift in Sources */ = {isa = PBXBuildFile; fileRef = 6C5B373529E441BD0082528A /* ListScreen.swift */; };
		6C5B373829E441C80082528A /* OtherScreen.swift in Sources */ = {isa = PBXBuildFile; fileRef = 6C5B373729E441C80082528A /* OtherScreen.swift */; };
		6C5B373B29E44D880082528A /* TabViewEnuım.swift in Sources */ = {isa = PBXBuildFile; fileRef = 6C5B373A29E44D880082528A /* TabViewEnuım.swift */; };
		6C7093C929E3480500A33B8A /* DiaryPublicApp.swift in Sources */ = {isa = PBXBuildFile; fileRef = 6C7093C829E3480500A33B8A /* DiaryPublicApp.swift */; };
		6C7093CB29E3480500A33B8A /* ContentView.swift in Sources */ = {isa = PBXBuildFile; fileRef = 6C7093CA29E3480500A33B8A /* ContentView.swift */; };
		6C7093CD29E3480600A33B8A /* Assets.xcassets in Resources */ = {isa = PBXBuildFile; fileRef = 6C7093CC29E3480600A33B8A /* Assets.xcassets */; };
		6C7093D029E3480600A33B8A /* Preview Assets.xcassets in Resources */ = {isa = PBXBuildFile; fileRef = 6C7093CF29E3480600A33B8A /* Preview Assets.xcassets */; };
		6C7093D229E3480600A33B8A /* Persistence.swift in Sources */ = {isa = PBXBuildFile; fileRef = 6C7093D129E3480600A33B8A /* Persistence.swift */; };
		6C7093D529E3480600A33B8A /* DiaryPublic.xcdatamodeld in Sources */ = {isa = PBXBuildFile; fileRef = 6C7093D329E3480600A33B8A /* DiaryPublic.xcdatamodeld */; };
/* End PBXBuildFile section */

/* Begin PBXFileReference section */
		6C5B372E29E43FF70082528A /* en */ = {isa = PBXFileReference; lastKnownFileType = text.plist.strings; name = en; path = en.lproj/Localizable.strings; sourceTree = "<group>"; };
		6C5B373029E440070082528A /* tr */ = {isa = PBXFileReference; lastKnownFileType = text.plist.strings; name = tr; path = tr.lproj/Localizable.strings; sourceTree = "<group>"; };
		6C5B373329E441750082528A /* TabScreen.swift */ = {isa = PBXFileReference; lastKnownFileType = sourcecode.swift; path = TabScreen.swift; sourceTree = "<group>"; };
		6C5B373529E441BD0082528A /* ListScreen.swift */ = {isa = PBXFileReference; lastKnownFileType = sourcecode.swift; path = ListScreen.swift; sourceTree = "<group>"; };
		6C5B373729E441C80082528A /* OtherScreen.swift */ = {isa = PBXFileReference; lastKnownFileType = sourcecode.swift; path = OtherScreen.swift; sourceTree = "<group>"; };
		6C5B373A29E44D880082528A /* TabViewEnuım.swift */ = {isa = PBXFileReference; lastKnownFileType = sourcecode.swift; path = "TabViewEnuım.swift"; sourceTree = "<group>"; };
		6C7093C529E3480500A33B8A /* DiaryPublic.app */ = {isa = PBXFileReference; explicitFileType = wrapper.application; includeInIndex = 0; path = DiaryPublic.app; sourceTree = BUILT_PRODUCTS_DIR; };
		6C7093C829E3480500A33B8A /* DiaryPublicApp.swift */ = {isa = PBXFileReference; lastKnownFileType = sourcecode.swift; path = DiaryPublicApp.swift; sourceTree = "<group>"; };
		6C7093CA29E3480500A33B8A /* ContentView.swift */ = {isa = PBXFileReference; lastKnownFileType = sourcecode.swift; path = ContentView.swift; sourceTree = "<group>"; };
		6C7093CC29E3480600A33B8A /* Assets.xcassets */ = {isa = PBXFileReference; lastKnownFileType = folder.assetcatalog; path = Assets.xcassets; sourceTree = "<group>"; };
		6C7093CF29E3480600A33B8A /* Preview Assets.xcassets */ = {isa = PBXFileReference; lastKnownFileType = folder.assetcatalog; path = "Preview Assets.xcassets"; sourceTree = "<group>"; };
		6C7093D129E3480600A33B8A /* Persistence.swift */ = {isa = PBXFileReference; lastKnownFileType = sourcecode.swift; path = Persistence.swift; sourceTree = "<group>"; };
		6C7093D429E3480600A33B8A /* DiaryPublic.xcdatamodel */ = {isa = PBXFileReference; lastKnownFileType = wrapper.xcdatamodel; path = DiaryPublic.xcdatamodel; sourceTree = "<group>"; };
		6C7093D629E3480600A33B8A /* Info.plist */ = {isa = PBXFileReference; lastKnownFileType = text.plist.xml; path = Info.plist; sourceTree = "<group>"; };
/* End PBXFileReference section */

/* Begin PBXFrameworksBuildPhase section */
		6C7093C229E3480500A33B8A /* Frameworks */ = {
			isa = PBXFrameworksBuildPhase;
			buildActionMask = 2147483647;
			files = (
			);
			runOnlyForDeploymentPostprocessing = 0;
		};
/* End PBXFrameworksBuildPhase section */

/* Begin PBXGroup section */
		6C5B373929E44D480082528A /* TabView */ = {
			isa = PBXGroup;
			children = (
				6C5B373329E441750082528A /* TabScreen.swift */,
				6C5B373A29E44D880082528A /* TabViewEnuım.swift */,
			);
			path = TabView;
			sourceTree = "<group>";
		};
		6C7093BC29E3480500A33B8A = {
			isa = PBXGroup;
			children = (
				6C7093C729E3480500A33B8A /* DiaryPublic */,
				6C7093C629E3480500A33B8A /* Products */,
			);
			sourceTree = "<group>";
		};
		6C7093C629E3480500A33B8A /* Products */ = {
			isa = PBXGroup;
			children = (
				6C7093C529E3480500A33B8A /* DiaryPublic.app */,
			);
			name = Products;
			sourceTree = "<group>";
		};
		6C7093C729E3480500A33B8A /* DiaryPublic */ = {
			isa = PBXGroup;
			children = (
				6C5B373929E44D480082528A /* TabView */,
				6C7093C829E3480500A33B8A /* DiaryPublicApp.swift */,
				6C5B373529E441BD0082528A /* ListScreen.swift */,
				6C5B373729E441C80082528A /* OtherScreen.swift */,
				6C7093CA29E3480500A33B8A /* ContentView.swift */,
				6C7093CC29E3480600A33B8A /* Assets.xcassets */,
				6C7093D129E3480600A33B8A /* Persistence.swift */,
				6C7093D629E3480600A33B8A /* Info.plist */,
				6C7093D329E3480600A33B8A /* DiaryPublic.xcdatamodeld */,
				6C7093CE29E3480600A33B8A /* Preview Content */,
				6C5B372F29E43FF70082528A /* Localizable.strings */,
			);
			path = DiaryPublic;
			sourceTree = "<group>";
		};
		6C7093CE29E3480600A33B8A /* Preview Content */ = {
			isa = PBXGroup;
			children = (
				6C7093CF29E3480600A33B8A /* Preview Assets.xcassets */,
			);
			path = "Preview Content";
			sourceTree = "<group>";
		};
/* End PBXGroup section */

/* Begin PBXNativeTarget section */
		6C7093C429E3480500A33B8A /* DiaryPublic */ = {
			isa = PBXNativeTarget;
			buildConfigurationList = 6C7093D929E3480600A33B8A /* Build configuration list for PBXNativeTarget "DiaryPublic" */;
			buildPhases = (
				6C7093C129E3480500A33B8A /* Sources */,
				6C7093C229E3480500A33B8A /* Frameworks */,
				6C7093C329E3480500A33B8A /* Resources */,
			);
			buildRules = (
			);
			dependencies = (
			);
			name = DiaryPublic;
			productName = DiaryPublic;
			productReference = 6C7093C529E3480500A33B8A /* DiaryPublic.app */;
			productType = "com.apple.product-type.application";
		};
/* End PBXNativeTarget section */

/* Begin PBXProject section */
		6C7093BD29E3480500A33B8A /* Project object */ = {
			isa = PBXProject;
			attributes = {
				BuildIndependentTargetsInParallel = 1;
				LastSwiftUpdateCheck = 1430;
				LastUpgradeCheck = 1430;
				TargetAttributes = {
					6C7093C429E3480500A33B8A = {
						CreatedOnToolsVersion = 14.3;
					};
				};
			};
			buildConfigurationList = 6C7093C029E3480500A33B8A /* Build configuration list for PBXProject "DiaryPublic" */;
			compatibilityVersion = "Xcode 14.0";
			developmentRegion = en;
			hasScannedForEncodings = 0;
			knownRegions = (
				en,
				Base,
				tr,
			);
			mainGroup = 6C7093BC29E3480500A33B8A;
			productRefGroup = 6C7093C629E3480500A33B8A /* Products */;
			projectDirPath = "";
			projectRoot = "";
			targets = (
				6C7093C429E3480500A33B8A /* DiaryPublic */,
			);
		};
/* End PBXProject section */

/* Begin PBXResourcesBuildPhase section */
		6C7093C329E3480500A33B8A /* Resources */ = {
			isa = PBXResourcesBuildPhase;
			buildActionMask = 2147483647;
			files = (
				6C7093D029E3480600A33B8A /* Preview Assets.xcassets in Resources */,
				6C5B372D29E43FF70082528A /* Localizable.strings in Resources */,
				6C7093CD29E3480600A33B8A /* Assets.xcassets in Resources */,
			);
			runOnlyForDeploymentPostprocessing = 0;
		};
/* End PBXResourcesBuildPhase section */

/* Begin PBXSourcesBuildPhase section */
		6C7093C129E3480500A33B8A /* Sources */ = {
			isa = PBXSourcesBuildPhase;
			buildActionMask = 2147483647;
			files = (
				6C5B373429E441750082528A /* TabScreen.swift in Sources */,
				6C5B373629E441BD0082528A /* ListScreen.swift in Sources */,
				6C7093D529E3480600A33B8A /* DiaryPublic.xcdatamodeld in Sources */,
				6C7093D229E3480600A33B8A /* Persistence.swift in Sources */,
				6C7093CB29E3480500A33B8A /* ContentView.swift in Sources */,
				6C5B373B29E44D880082528A /* TabViewEnuım.swift in Sources */,
				6C7093C929E3480500A33B8A /* DiaryPublicApp.swift in Sources */,
				6C5B373829E441C80082528A /* OtherScreen.swift in Sources */,
			);
			runOnlyForDeploymentPostprocessing = 0;
		};
/* End PBXSourcesBuildPhase section */

/* Begin PBXVariantGroup section */
		6C5B372F29E43FF70082528A /* Localizable.strings */ = {
			isa = PBXVariantGroup;
			children = (
				6C5B372E29E43FF70082528A /* en */,
				6C5B373029E440070082528A /* tr */,
			);
			name = Localizable.strings;
			sourceTree = "<group>";
		};
/* End PBXVariantGroup section */

/* Begin XCBuildConfiguration section */
		6C7093D729E3480600A33B8A /* Debug */ = {
			isa = XCBuildConfiguration;
			buildSettings = {
				ALWAYS_SEARCH_USER_PATHS = NO;
				CLANG_ANALYZER_LOCALIZABILITY_NONLOCALIZED = YES;
				CLANG_ANALYZER_NONNULL = YES;
				CLANG_ANALYZER_NUMBER_OBJECT_CONVERSION = YES_AGGRESSIVE;
				CLANG_CXX_LANGUAGE_STANDARD = "gnu++20";
				CLANG_ENABLE_MODULES = YES;
				CLANG_ENABLE_OBJC_ARC = YES;
				CLANG_ENABLE_OBJC_WEAK = YES;
				CLANG_WARN_BLOCK_CAPTURE_AUTORELEASING = YES;
				CLANG_WARN_BOOL_CONVERSION = YES;
				CLANG_WARN_COMMA = YES;
				CLANG_WARN_CONSTANT_CONVERSION = YES;
				CLANG_WARN_DEPRECATED_OBJC_IMPLEMENTATIONS = YES;
				CLANG_WARN_DIRECT_OBJC_ISA_USAGE = YES_ERROR;
				CLANG_WARN_DOCUMENTATION_COMMENTS = YES;
				CLANG_WARN_EMPTY_BODY = YES;
				CLANG_WARN_ENUM_CONVERSION = YES;
				CLANG_WARN_INFINITE_RECURSION = YES;
				CLANG_WARN_INT_CONVERSION = YES;
				CLANG_WARN_NON_LITERAL_NULL_CONVERSION = YES;
				CLANG_WARN_OBJC_IMPLICIT_RETAIN_SELF = YES;
				CLANG_WARN_OBJC_LITERAL_CONVERSION = YES;
				CLANG_WARN_OBJC_ROOT_CLASS = YES_ERROR;
				CLANG_WARN_QUOTED_INCLUDE_IN_FRAMEWORK_HEADER = YES;
				CLANG_WARN_RANGE_LOOP_ANALYSIS = YES;
				CLANG_WARN_STRICT_PROTOTYPES = YES;
				CLANG_WARN_SUSPICIOUS_MOVE = YES;
				CLANG_WARN_UNGUARDED_AVAILABILITY = YES_AGGRESSIVE;
				CLANG_WARN_UNREACHABLE_CODE = YES;
				CLANG_WARN__DUPLICATE_METHOD_MATCH = YES;
				COPY_PHASE_STRIP = NO;
				DEBUG_INFORMATION_FORMAT = dwarf;
				ENABLE_STRICT_OBJC_MSGSEND = YES;
				ENABLE_TESTABILITY = YES;
				GCC_C_LANGUAGE_STANDARD = gnu11;
				GCC_DYNAMIC_NO_PIC = NO;
				GCC_NO_COMMON_BLOCKS = YES;
				GCC_OPTIMIZATION_LEVEL = 0;
				GCC_PREPROCESSOR_DEFINITIONS = (
					"DEBUG=1",
					"$(inherited)",
				);
				GCC_WARN_64_TO_32_BIT_CONVERSION = YES;
				GCC_WARN_ABOUT_RETURN_TYPE = YES_ERROR;
				GCC_WARN_UNDECLARED_SELECTOR = YES;
				GCC_WARN_UNINITIALIZED_AUTOS = YES_AGGRESSIVE;
				GCC_WARN_UNUSED_FUNCTION = YES;
				GCC_WARN_UNUSED_VARIABLE = YES;
				IPHONEOS_DEPLOYMENT_TARGET = 16.4;
				MTL_ENABLE_DEBUG_INFO = INCLUDE_SOURCE;
				MTL_FAST_MATH = YES;
				ONLY_ACTIVE_ARCH = YES;
				SDKROOT = iphoneos;
				SWIFT_ACTIVE_COMPILATION_CONDITIONS = DEBUG;
				SWIFT_OPTIMIZATION_LEVEL = "-Onone";
			};
			name = Debug;
		};
		6C7093D829E3480600A33B8A /* Release */ = {
			isa = XCBuildConfiguration;
			buildSettings = {
				ALWAYS_SEARCH_USER_PATHS = NO;
				CLANG_ANALYZER_LOCALIZABILITY_NONLOCALIZED = YES;
				CLANG_ANALYZER_NONNULL = YES;
				CLANG_ANALYZER_NUMBER_OBJECT_CONVERSION = YES_AGGRESSIVE;
				CLANG_CXX_LANGUAGE_STANDARD = "gnu++20";
				CLANG_ENABLE_MODULES = YES;
				CLANG_ENABLE_OBJC_ARC = YES;
				CLANG_ENABLE_OBJC_WEAK = YES;
				CLANG_WARN_BLOCK_CAPTURE_AUTORELEASING = YES;
				CLANG_WARN_BOOL_CONVERSION = YES;
				CLANG_WARN_COMMA = YES;
				CLANG_WARN_CONSTANT_CONVERSION = YES;
				CLANG_WARN_DEPRECATED_OBJC_IMPLEMENTATIONS = YES;
				CLANG_WARN_DIRECT_OBJC_ISA_USAGE = YES_ERROR;
				CLANG_WARN_DOCUMENTATION_COMMENTS = YES;
				CLANG_WARN_EMPTY_BODY = YES;
				CLANG_WARN_ENUM_CONVERSION = YES;
				CLANG_WARN_INFINITE_RECURSION = YES;
				CLANG_WARN_INT_CONVERSION = YES;
				CLANG_WARN_NON_LITERAL_NULL_CONVERSION = YES;
				CLANG_WARN_OBJC_IMPLICIT_RETAIN_SELF = YES;
				CLANG_WARN_OBJC_LITERAL_CONVERSION = YES;
				CLANG_WARN_OBJC_ROOT_CLASS = YES_ERROR;
				CLANG_WARN_QUOTED_INCLUDE_IN_FRAMEWORK_HEADER = YES;
				CLANG_WARN_RANGE_LOOP_ANALYSIS = YES;
				CLANG_WARN_STRICT_PROTOTYPES = YES;
				CLANG_WARN_SUSPICIOUS_MOVE = YES;
				CLANG_WARN_UNGUARDED_AVAILABILITY = YES_AGGRESSIVE;
				CLANG_WARN_UNREACHABLE_CODE = YES;
				CLANG_WARN__DUPLICATE_METHOD_MATCH = YES;
				COPY_PHASE_STRIP = NO;
				DEBUG_INFORMATION_FORMAT = "dwarf-with-dsym";
				ENABLE_NS_ASSERTIONS = NO;
				ENABLE_STRICT_OBJC_MSGSEND = YES;
				GCC_C_LANGUAGE_STANDARD = gnu11;
				GCC_NO_COMMON_BLOCKS = YES;
				GCC_WARN_64_TO_32_BIT_CONVERSION = YES;
				GCC_WARN_ABOUT_RETURN_TYPE = YES_ERROR;
				GCC_WARN_UNDECLARED_SELECTOR = YES;
				GCC_WARN_UNINITIALIZED_AUTOS = YES_AGGRESSIVE;
				GCC_WARN_UNUSED_FUNCTION = YES;
				GCC_WARN_UNUSED_VARIABLE = YES;
				IPHONEOS_DEPLOYMENT_TARGET = 16.4;
				MTL_ENABLE_DEBUG_INFO = NO;
				MTL_FAST_MATH = YES;
				SDKROOT = iphoneos;
				SWIFT_COMPILATION_MODE = wholemodule;
				SWIFT_OPTIMIZATION_LEVEL = "-O";
				VALIDATE_PRODUCT = YES;
			};
			name = Release;
		};
		6C7093DA29E3480600A33B8A /* Debug */ = {
			isa = XCBuildConfiguration;
			buildSettings = {
				ASSETCATALOG_COMPILER_APPICON_NAME = AppIcon;
				ASSETCATALOG_COMPILER_GLOBAL_ACCENT_COLOR_NAME = AccentColor;
				CODE_SIGN_STYLE = Automatic;
				CURRENT_PROJECT_VERSION = 1;
				DEVELOPMENT_ASSET_PATHS = "\"DiaryPublic/Preview Content\"";
				DEVELOPMENT_TEAM = KC9Z5ZJF65;
				ENABLE_PREVIEWS = YES;
				GENERATE_INFOPLIST_FILE = YES;
				INFOPLIST_KEY_UIApplicationSceneManifest_Generation = YES;
				INFOPLIST_KEY_UIApplicationSupportsIndirectInputEvents = YES;
				INFOPLIST_KEY_UILaunchScreen_Generation = YES;
				INFOPLIST_KEY_UISupportedInterfaceOrientations_iPad = "UIInterfaceOrientationPortrait UIInterfaceOrientationPortraitUpsideDown UIInterfaceOrientationLandscapeLeft UIInterfaceOrientationLandscapeRight";
				INFOPLIST_KEY_UISupportedInterfaceOrientations_iPhone = "UIInterfaceOrientationPortrait UIInterfaceOrientationLandscapeLeft UIInterfaceOrientationLandscapeRight";
				LD_RUNPATH_SEARCH_PATHS = (
					"$(inherited)",
					"@executable_path/Frameworks",
				);
				MARKETING_VERSION = 1.0;
				PRODUCT_BUNDLE_IDENTIFIER = com.404ibra.DiaryPublic;
				PRODUCT_NAME = "$(TARGET_NAME)";
				SWIFT_EMIT_LOC_STRINGS = YES;
				SWIFT_VERSION = 5.0;
				TARGETED_DEVICE_FAMILY = "1,2";
			};
			name = Debug;
		};
		6C7093DB29E3480600A33B8A /* Release */ = {
			isa = XCBuildConfiguration;
			buildSettings = {
				ASSETCATALOG_COMPILER_APPICON_NAME = AppIcon;
				ASSETCATALOG_COMPILER_GLOBAL_ACCENT_COLOR_NAME = AccentColor;
				CODE_SIGN_STYLE = Automatic;
				CURRENT_PROJECT_VERSION = 1;
				DEVELOPMENT_ASSET_PATHS = "\"DiaryPublic/Preview Content\"";
				DEVELOPMENT_TEAM = KC9Z5ZJF65;
				ENABLE_PREVIEWS = YES;
				GENERATE_INFOPLIST_FILE = YES;
				INFOPLIST_KEY_UIApplicationSceneManifest_Generation = YES;
				INFOPLIST_KEY_UIApplicationSupportsIndirectInputEvents = YES;
				INFOPLIST_KEY_UILaunchScreen_Generation = YES;
				INFOPLIST_KEY_UISupportedInterfaceOrientations_iPad = "UIInterfaceOrientationPortrait UIInterfaceOrientationPortraitUpsideDown UIInterfaceOrientationLandscapeLeft UIInterfaceOrientationLandscapeRight";
				INFOPLIST_KEY_UISupportedInterfaceOrientations_iPhone = "UIInterfaceOrientationPortrait UIInterfaceOrientationLandscapeLeft UIInterfaceOrientationLandscapeRight";
				LD_RUNPATH_SEARCH_PATHS = (
					"$(inherited)",
					"@executable_path/Frameworks",
				);
				MARKETING_VERSION = 1.0;
				PRODUCT_BUNDLE_IDENTIFIER = com.404ibra.DiaryPublic;
				PRODUCT_NAME = "$(TARGET_NAME)";
				SWIFT_EMIT_LOC_STRINGS = YES;
				SWIFT_VERSION = 5.0;
				TARGETED_DEVICE_FAMILY = "1,2";
			};
			name = Release;
		};
/* End XCBuildConfiguration section */

/* Begin XCConfigurationList section */
		6C7093C029E3480500A33B8A /* Build configuration list for PBXProject "DiaryPublic" */ = {
			isa = XCConfigurationList;
			buildConfigurations = (
				6C7093D729E3480600A33B8A /* Debug */,
				6C7093D829E3480600A33B8A /* Release */,
			);
			defaultConfigurationIsVisible = 0;
			defaultConfigurationName = Release;
		};
		6C7093D929E3480600A33B8A /* Build configuration list for PBXNativeTarget "DiaryPublic" */ = {
			isa = XCConfigurationList;
			buildConfigurations = (
				6C7093DA29E3480600A33B8A /* Debug */,
				6C7093DB29E3480600A33B8A /* Release */,
			);
			defaultConfigurationIsVisible = 0;
			defaultConfigurationName = Release;
		};
/* End XCConfigurationList section */

/* Begin XCVersionGroup section */
		6C7093D329E3480600A33B8A /* DiaryPublic.xcdatamodeld */ = {
			isa = XCVersionGroup;
			children = (
				6C7093D429E3480600A33B8A /* DiaryPublic.xcdatamodel */,
			);
			currentVersion = 6C7093D429E3480600A33B8A /* DiaryPublic.xcdatamodel */;
			path = DiaryPublic.xcdatamodeld;
			sourceTree = "<group>";
			versionGroupType = wrapper.xcdatamodel;
		};
/* End XCVersionGroup section */
	};
	rootObject = 6C7093BD29E3480500A33B8A /* Project object */;
}
